
Microsoft Visual Studio Solution File, Format Version 12.00
# Visual Studio 15
VisualStudioVersion = 15.0.27004.2006
MinimumVisualStudioVersion = 10.0.40219.1
Project("{8BC9CEB8-8B4A-11D0-8D11-00A0C91BC942}") = "TowerDefense", "TowerDefense\TowerDefense.vcxproj", "{009A1C2C-A489-465A-BBD5-FE76FCB7C974}"
EndProject
Project("{2150E333-8FDC-42A3-9474-1A3956D46DE8}") = "Solution Items", "Solution Items", "{BA3FA894-364C-4332-BC40-51481AE318B2}"
	ProjectSection(SolutionItems) = preProject
		tower_defense.ruleset = tower_defense.ruleset
	EndProjectSection
EndProject
Project("{8BC9CEB8-8B4A-11D0-8D11-00A0C91BC942}") = "MyTests", "MyTests\MyTests.vcxproj", "{C02DB643-2CDB-4370-AA71-7B9D9F76FCBB}"
	ProjectSection(ProjectDependencies) = postProject
		{009A1C2C-A489-465A-BBD5-FE76FCB7C974} = {009A1C2C-A489-465A-BBD5-FE76FCB7C974}
	EndProjectSection
EndProject
Project("{2150E333-8FDC-42A3-9474-1A3956D46DE8}") = "Resources", "Resources", "{6CCFBAFF-50F3-417A-82E8-543D1DD6184B}"
	ProjectSection(SolutionItems) = preProject
		bin\resources\enemies.xml = bin\resources\enemies.xml
	EndProjectSection
EndProject
Project("{2150E333-8FDC-42A3-9474-1A3956D46DE8}") = "schemas", "schemas", "{8E96A016-D6F0-47EC-8D14-A228E81E1122}"
	ProjectSection(SolutionItems) = preProject
		bin\resources\schemas\data_schema.xsd = bin\resources\schemas\data_schema.xsd
		bin\resources\schemas\enemy_schema.xsd = bin\resources\schemas\enemy_schema.xsd
		bin\resources\schemas\level_schema.xsd = bin\resources\schemas\level_schema.xsd
		bin\resources\schemas\shot_schema.xsd = bin\resources\schemas\shot_schema.xsd
	EndProjectSection
EndProject
Global
	GlobalSection(SolutionConfigurationPlatforms) = preSolution
		Debug|x64 = Debug|x64
		Debug|x86 = Debug|x86
		Release|x64 = Release|x64
		Release|x86 = Release|x86
		ReleaseWithDebugInfo|x64 = ReleaseWithDebugInfo|x64
		ReleaseWithDebugInfo|x86 = ReleaseWithDebugInfo|x86
	EndGlobalSection
	GlobalSection(ProjectConfigurationPlatforms) = postSolution
		{009A1C2C-A489-465A-BBD5-FE76FCB7C974}.Debug|x64.ActiveCfg = Debug|x64
		{009A1C2C-A489-465A-BBD5-FE76FCB7C974}.Debug|x64.Build.0 = Debug|x64
		{009A1C2C-A489-465A-BBD5-FE76FCB7C974}.Debug|x86.ActiveCfg = Debug|Win32
		{009A1C2C-A489-465A-BBD5-FE76FCB7C974}.Debug|x86.Build.0 = Debug|Win32
		{009A1C2C-A489-465A-BBD5-FE76FCB7C974}.Release|x64.ActiveCfg = Release|x64
		{009A1C2C-A489-465A-BBD5-FE76FCB7C974}.Release|x64.Build.0 = Release|x64
		{009A1C2C-A489-465A-BBD5-FE76FCB7C974}.Release|x86.ActiveCfg = Release|Win32
		{009A1C2C-A489-465A-BBD5-FE76FCB7C974}.Release|x86.Build.0 = Release|Win32
		{009A1C2C-A489-465A-BBD5-FE76FCB7C974}.ReleaseWithDebugInfo|x64.ActiveCfg = ReleaseWithDebugInfo|x64
		{009A1C2C-A489-465A-BBD5-FE76FCB7C974}.ReleaseWithDebugInfo|x64.Build.0 = ReleaseWithDebugInfo|x64
		{009A1C2C-A489-465A-BBD5-FE76FCB7C974}.ReleaseWithDebugInfo|x86.ActiveCfg = ReleaseWithDebugInfo|Win32
		{009A1C2C-A489-465A-BBD5-FE76FCB7C974}.ReleaseWithDebugInfo|x86.Build.0 = ReleaseWithDebugInfo|Win32
		{C02DB643-2CDB-4370-AA71-7B9D9F76FCBB}.Debug|x64.ActiveCfg = Debug|x64
		{C02DB643-2CDB-4370-AA71-7B9D9F76FCBB}.Debug|x64.Build.0 = Debug|x64
		{C02DB643-2CDB-4370-AA71-7B9D9F76FCBB}.Debug|x86.ActiveCfg = Debug|Win32
		{C02DB643-2CDB-4370-AA71-7B9D9F76FCBB}.Debug|x86.Build.0 = Debug|Win32
		{C02DB643-2CDB-4370-AA71-7B9D9F76FCBB}.Release|x64.ActiveCfg = Release|x64
		{C02DB643-2CDB-4370-AA71-7B9D9F76FCBB}.Release|x64.Build.0 = Release|x64
		{C02DB643-2CDB-4370-AA71-7B9D9F76FCBB}.Release|x86.ActiveCfg = Release|Win32
		{C02DB643-2CDB-4370-AA71-7B9D9F76FCBB}.Release|x86.Build.0 = Release|Win32
		{C02DB643-2CDB-4370-AA71-7B9D9F76FCBB}.ReleaseWithDebugInfo|x64.ActiveCfg = ReleaseWithDebugInfo|x64
		{C02DB643-2CDB-4370-AA71-7B9D9F76FCBB}.ReleaseWithDebugInfo|x64.Build.0 = ReleaseWithDebugInfo|x64
		{C02DB643-2CDB-4370-AA71-7B9D9F76FCBB}.ReleaseWithDebugInfo|x86.ActiveCfg = ReleaseWithDebugInfo|Win32
		{C02DB643-2CDB-4370-AA71-7B9D9F76FCBB}.ReleaseWithDebugInfo|x86.Build.0 = ReleaseWithDebugInfo|Win32
	EndGlobalSection
	GlobalSection(SolutionProperties) = preSolution
		HideSolutionNode = FALSE
	EndGlobalSection
	GlobalSection(NestedProjects) = preSolution
		{6CCFBAFF-50F3-417A-82E8-543D1DD6184B} = {BA3FA894-364C-4332-BC40-51481AE318B2}
		{8E96A016-D6F0-47EC-8D14-A228E81E1122} = {6CCFBAFF-50F3-417A-82E8-543D1DD6184B}
	EndGlobalSection
	GlobalSection(ExtensibilityGlobals) = postSolution
		SolutionGuid = {B3CC6B65-E070-4B37-81D4-FEEC6107CE30}
	EndGlobalSection
EndGlobal
